Microsoft Visual Studio Solution File, Format Version 11.00
# Visual Studio 2008

Project("{C45EF8CE-BF54-D705-DCF8-DE5129D2D7C3}") = "Alpha 1129", "Assembly-CSharp.csproj", "{CFF289EA-08EA-EAF4-F692-C68622CF9127}"
EndProject
Global
	GlobalSection(SolutionConfigurationPlatforms) = preSolution
		Debug|Any CPU = Debug|Any CPU
		Release|Any CPU = Release|Any CPU
	EndGlobalSection
	GlobalSection(ProjectConfigurationPlatforms) = postSolution
		{CFF289EA-08EA-EAF4-F692-C68622CF9127}.Debug|Any CPU.ActiveCfg = Debug|Any CPU
		{CFF289EA-08EA-EAF4-F692-C68622CF9127}.Debug|Any CPU.Build.0 = Debug|Any CPU
		{CFF289EA-08EA-EAF4-F692-C68622CF9127}.Release|Any CPU.ActiveCfg = Release|Any CPU
		{CFF289EA-08EA-EAF4-F692-C68622CF9127}.Release|Any CPU.Build.0 = Release|Any CPU
	EndGlobalSection
	GlobalSection(SolutionProperties) = preSolution
		HideSolutionNode = FALSE
	EndGlobalSection
	GlobalSection(MonoDevelopProperties) = preSolution
		StartupItem = Assembly-CSharp.csproj
	EndGlobalSection
EndGlobal
