Microsoft Visual Studio Solution File, Format Version 11.00
# Visual Studio 2008

Project("{B9D487A3-0398-D42E-CFF5-5C228ED5652B}") = "1108", "Assembly-CSharp.csproj", "{F13A802A-5D99-F27C-791A-65F5A322C787}"
EndProject
Global
	GlobalSection(SolutionConfigurationPlatforms) = preSolution
		Debug|Any CPU = Debug|Any CPU
		Release|Any CPU = Release|Any CPU
	EndGlobalSection
	GlobalSection(ProjectConfigurationPlatforms) = postSolution
		{F13A802A-5D99-F27C-791A-65F5A322C787}.Debug|Any CPU.ActiveCfg = Debug|Any CPU
		{F13A802A-5D99-F27C-791A-65F5A322C787}.Debug|Any CPU.Build.0 = Debug|Any CPU
		{F13A802A-5D99-F27C-791A-65F5A322C787}.Release|Any CPU.ActiveCfg = Release|Any CPU
		{F13A802A-5D99-F27C-791A-65F5A322C787}.Release|Any CPU.Build.0 = Release|Any CPU
	EndGlobalSection
	GlobalSection(SolutionProperties) = preSolution
		HideSolutionNode = FALSE
	EndGlobalSection
	GlobalSection(MonoDevelopProperties) = preSolution
		StartupItem = Assembly-CSharp.csproj
	EndGlobalSection
EndGlobal
