
Microsoft Visual Studio Solution File, Format Version 12.00
# Visual Studio 2015
Project("{FAE04EC0-301F-11D3-BF4B-00C04F79EFBC}") = "PreFinal1130.CSharp", "PreFinal1130.CSharp.csproj", "{73C58EE1-1688-2B6B-76B7-E7DDF57180A9}"
EndProject
Global
	GlobalSection(SolutionConfigurationPlatforms) = preSolution
		Debug|Any CPU = Debug|Any CPU
		Release|Any CPU = Release|Any CPU
	EndGlobalSection
	GlobalSection(ProjectConfigurationPlatforms) = postSolution
		{73C58EE1-1688-2B6B-76B7-E7DDF57180A9}.Debug|Any CPU.ActiveCfg = Debug|Any CPU
		{73C58EE1-1688-2B6B-76B7-E7DDF57180A9}.Debug|Any CPU.Build.0 = Debug|Any CPU
		{73C58EE1-1688-2B6B-76B7-E7DDF57180A9}.Release|Any CPU.ActiveCfg = Release|Any CPU
		{73C58EE1-1688-2B6B-76B7-E7DDF57180A9}.Release|Any CPU.Build.0 = Release|Any CPU
	EndGlobalSection
	GlobalSection(SolutionProperties) = preSolution
		HideSolutionNode = FALSE
	EndGlobalSection
EndGlobal
